{
  "nodes": {
    "flake-parts": {
      "inputs": {
        "nixpkgs-lib": [
          "zon2nix",
          "nixpkgs"
        ]
      },
      "locked": {
        "lastModified": 1715865404,
        "narHash": "sha256-/GJvTdTpuDjNn84j82cU6bXztE0MSkdnTWClUCRub78=",
        "owner": "hercules-ci",
        "repo": "flake-parts",
        "rev": "8dc45382d5206bd292f9c2768b8058a8fd8311d9",
        "type": "github"
      },
      "original": {
        "owner": "hercules-ci",
        "repo": "flake-parts",
        "type": "github"
      }
    },
    "flake-utils": {
      "inputs": {
        "systems": "systems"
      },
      "locked": {
        "lastModified": 1731533236,
        "narHash": "sha256-l0KFg5HjrsfsO/JpG+r7fRrqm12kzFHyUHqHCVpMMbI=",
        "owner": "numtide",
        "repo": "flake-utils",
        "rev": "11707dc2f618dd54ca8739b309ec4fc024de578b",
        "type": "github"
      },
      "original": {
        "owner": "numtide",
        "repo": "flake-utils",
        "type": "github"
      }
    },
    "nixpkgs": {
      "locked": {
        "lastModified": 1735328357,
        "narHash": "sha256-kD91N+MRvTEkAzJrU7CEhmQ/b9p3OiHQ8JRK4GDHSXg=",
        "owner": "NixOS",
        "repo": "nixpkgs",
        "rev": "e45f8499ce642df75a3911aa73a18142a8d14437",
        "type": "github"
      },
      "original": {
        "owner": "NixOS",
        "repo": "nixpkgs",
        "type": "github"
      }
    },
    "root": {
      "inputs": {
        "flake-utils": "flake-utils",
        "nixpkgs": "nixpkgs",
        "systems": "systems_2",
        "zig": "zig",
        "zon2nix": "zon2nix"
      }
    },
    "systems": {
      "locked": {
        "lastModified": 1681028828,
        "narHash": "sha256-Vy1rq5AaRuLzOxct8nz4T6wlgyUR7zLU309k9mBC768=",
        "owner": "nix-systems",
        "repo": "default",
        "rev": "da67096a3b9bf56a91d16901293e51ba5b49a27e",
        "type": "github"
      },
      "original": {
        "owner": "nix-systems",
        "repo": "default",
        "type": "github"
      }
    },
    "systems_2": {
      "locked": {
        "lastModified": 1689347949,
        "narHash": "sha256-12tWmuL2zgBgZkdoB6qXZsgJEH9LR3oUgpaQq2RbI80=",
        "owner": "nix-systems",
        "repo": "default-linux",
        "rev": "31732fcf5e8fea42e59c2488ad31a0e651500f68",
        "type": "github"
      },
      "original": {
        "owner": "nix-systems",
        "repo": "default-linux",
        "type": "github"
      }
    },
    "zig": {
      "flake": false,
      "locked": {
        "lastModified": 1730636074,
        "narHash": "sha256-OKT12XooLZlJ42nycBHV2zhX7DcNz2k83wsh2s0rfdQ=",
        "owner": "ziglang",
        "repo": "zig",
        "rev": "f539f9f74c3ff6f6083ecb5c99e074eee562d218",
        "type": "github"
      },
      "original": {
        "owner": "ziglang",
        "ref": "pull/20511/head",
        "repo": "zig",
        "type": "github"
      }
    },
    "zon2nix": {
      "inputs": {
        "flake-parts": "flake-parts",
        "nixpkgs": [
          "nixpkgs"
        ]
      },
      "locked": {
        "lastModified": 1718260747,
        "narHash": "sha256-k6zZpD56l6pPGSnTwphbtBr1tM76FaBSkVl/q03uFKw=",
        "owner": "MidstallSoftware",
        "repo": "zon2nix",
        "rev": "fdd128ef7449536adf015607f90c06369a122d32",
        "type": "github"
      },
      "original": {
        "owner": "MidstallSoftware",
        "repo": "zon2nix",
        "type": "github"
      }
    }
  },
  "root": "root",
  "version": 7
}
